
Microsoft Visual Studio Solution File, Format Version 12.00
# Visual Studio Version 17
VisualStudioVersion = 17.6.33829.357
MinimumVisualStudioVersion = 10.0.40219.1
Project("{FAE04EC0-301F-11D3-BF4B-00C04F79EFBC}") = "RazoPageFilmes", "RazoPageFilmes\RazoPageFilmes.csproj", "{2CC40AD7-E1A5-4B6A-95A2-53DFC2C27CE8}"
EndProject
Global
	GlobalSection(SolutionConfigurationPlatforms) = preSolution
		Debug|Any CPU = Debug|Any CPU
		Release|Any CPU = Release|Any CPU
	EndGlobalSection
	GlobalSection(ProjectConfigurationPlatforms) = postSolution
		{2CC40AD7-E1A5-4B6A-95A2-53DFC2C27CE8}.Debug|Any CPU.ActiveCfg = Debug|Any CPU
		{2CC40AD7-E1A5-4B6A-95A2-53DFC2C27CE8}.Debug|Any CPU.Build.0 = Debug|Any CPU
		{2CC40AD7-E1A5-4B6A-95A2-53DFC2C27CE8}.Release|Any CPU.ActiveCfg = Release|Any CPU
		{2CC40AD7-E1A5-4B6A-95A2-53DFC2C27CE8}.Release|Any CPU.Build.0 = Release|Any CPU
	EndGlobalSection
	GlobalSection(SolutionProperties) = preSolution
		HideSolutionNode = FALSE
	EndGlobalSection
	GlobalSection(ExtensibilityGlobals) = postSolution
		SolutionGuid = {034EEC8E-C784-4F7D-BD88-DB5AB40A30F7}
	EndGlobalSection
EndGlobal
